
Microsoft Visual Studio Solution File, Format Version 12.00
# Visual Studio Version 17
VisualStudioVersion = 17.5.33516.290
MinimumVisualStudioVersion = 10.0.40219.1
Project("{9A19103F-16F7-4668-BE54-9A1E7A4F7556}") = "LagoaTrading.Server", "LagoaTrading\Server\LagoaTrading.Server.csproj", "{884F3720-2947-4A8A-921C-696165DD8818}"
EndProject
Project("{9A19103F-16F7-4668-BE54-9A1E7A4F7556}") = "LagoaTrading.Client", "LagoaTrading\Client\LagoaTrading.Client.csproj", "{647FC812-853D-4D58-84AF-C60D8DF8ECD1}"
EndProject
Project("{9A19103F-16F7-4668-BE54-9A1E7A4F7556}") = "LagoaTrading.Shared", "LagoaTrading\Shared\LagoaTrading.Shared.csproj", "{E0E91F49-8EA3-47DB-8B00-EFF85EC174D6}"
EndProject
Project("{2150E333-8FDC-42A3-9474-1A3956D46DE8}") = "01 - Client", "01 - Client", "{02F7D9A8-20F0-49AD-AB9A-3C36D344ADED}"
EndProject
Project("{2150E333-8FDC-42A3-9474-1A3956D46DE8}") = "02 - Server", "02 - Server", "{8B7844CE-B577-45D8-A611-778414B8ABA9}"
EndProject
Project("{2150E333-8FDC-42A3-9474-1A3956D46DE8}") = "04 - Data", "04 - Data", "{ACA5DFE1-CD36-44E0-B3D3-165182E3E271}"
EndProject
Project("{2150E333-8FDC-42A3-9474-1A3956D46DE8}") = "05 - Shared", "05 - Shared", "{D650337A-0ACE-45E7-AFB4-7461002D545A}"
EndProject
Project("{2150E333-8FDC-42A3-9474-1A3956D46DE8}") = "Repository", "Repository", "{808F9290-D01C-4B16-AEE7-C85E99B44397}"
EndProject
Project("{2150E333-8FDC-42A3-9474-1A3956D46DE8}") = "Service", "Service", "{C0C83CD2-43E2-40C7-B687-166AD3E7708D}"
EndProject
Project("{9A19103F-16F7-4668-BE54-9A1E7A4F7556}") = "LagoaTrading.Data.Repository", "LagoaTrading.Data.Repository\LagoaTrading.Data.Repository.csproj", "{6A6BF3E0-E687-4A9D-87E2-91007D34FD7B}"
EndProject
Project("{9A19103F-16F7-4668-BE54-9A1E7A4F7556}") = "LagoaTrading.Data.Service", "LagoaTrading.Data.Service\LagoaTrading.Data.Service.csproj", "{51B534AD-FC0A-458A-9112-B7FA2814A696}"
EndProject
Project("{2150E333-8FDC-42A3-9474-1A3956D46DE8}") = "03 - Applications", "03 - Applications", "{17BE297B-755D-4BE3-B782-62D246DEDDD1}"
EndProject
Project("{9A19103F-16F7-4668-BE54-9A1E7A4F7556}") = "LagoaTrading.Application.EmailService", "LagoaTrading.Application.EmailService\LagoaTrading.Application.EmailService.csproj", "{3D93BFE7-FE73-4CDE-B87F-0AC124B974D2}"
EndProject
Project("{2150E333-8FDC-42A3-9474-1A3956D46DE8}") = "06 - Domain", "06 - Domain", "{7D83ECA8-D309-49C5-B6E7-495B13198000}"
EndProject
Project("{9A19103F-16F7-4668-BE54-9A1E7A4F7556}") = "LagoaTrading.Domain", "LagoaTrading.Domain\LagoaTrading.Domain.csproj", "{3912B0AC-4CC3-492C-ADF3-A578216AE44A}"
EndProject
Project("{2150E333-8FDC-42A3-9474-1A3956D46DE8}") = "EmailService", "EmailService", "{F8590370-241A-422D-87D2-49F9A36A6724}"
EndProject
Project("{2150E333-8FDC-42A3-9474-1A3956D46DE8}") = "ApplicationService", "ApplicationService", "{5078DC50-C304-4B92-AEFC-96EE9161ED7F}"
EndProject
Project("{9A19103F-16F7-4668-BE54-9A1E7A4F7556}") = "LagoaTrading.Application.Service", "LagoaTrading.Application.Service\LagoaTrading.Application.Service.csproj", "{1B5D4885-33BC-4C92-B832-C2ED1D21DF5A}"
EndProject
Project("{2150E333-8FDC-42A3-9474-1A3956D46DE8}") = "07 - IoC", "07 - IoC", "{E8F9D30C-D5FE-4001-9B71-23CF04CB0134}"
EndProject
Project("{9A19103F-16F7-4668-BE54-9A1E7A4F7556}") = "LagoaTrading.IoC", "LagoaTrading.IoC\LagoaTrading.IoC.csproj", "{2B1A885E-3F35-49FF-BD78-8B2B147D7CAA}"
EndProject
Project("{2150E333-8FDC-42A3-9474-1A3956D46DE8}") = "src", "src", "{F07187F9-FD98-4154-872B-E0B9942B3A9A}"
EndProject
Project("{2150E333-8FDC-42A3-9474-1A3956D46DE8}") = "tests", "tests", "{5921B086-4DFD-44B6-A68A-38629E178964}"
EndProject
Project("{9A19103F-16F7-4668-BE54-9A1E7A4F7556}") = "LagoaTrading.Integration.Tests", "LagoaTrading.Integration.Tests\LagoaTrading.Integration.Tests.csproj", "{748B398E-B3BA-4E98-949C-DB234C5FC763}"
EndProject
Project("{2150E333-8FDC-42A3-9474-1A3956D46DE8}") = "ml", "ml", "{04A96BD0-6AFB-4E13-9626-9FAB68E8A80D}"
EndProject
Global
	GlobalSection(SolutionConfigurationPlatforms) = preSolution
		Debug|Any CPU = Debug|Any CPU
		Release|Any CPU = Release|Any CPU
	EndGlobalSection
	GlobalSection(ProjectConfigurationPlatforms) = postSolution
		{884F3720-2947-4A8A-921C-696165DD8818}.Debug|Any CPU.ActiveCfg = Debug|Any CPU
		{884F3720-2947-4A8A-921C-696165DD8818}.Debug|Any CPU.Build.0 = Debug|Any CPU
		{884F3720-2947-4A8A-921C-696165DD8818}.Release|Any CPU.ActiveCfg = Release|Any CPU
		{884F3720-2947-4A8A-921C-696165DD8818}.Release|Any CPU.Build.0 = Release|Any CPU
		{647FC812-853D-4D58-84AF-C60D8DF8ECD1}.Debug|Any CPU.ActiveCfg = Debug|Any CPU
		{647FC812-853D-4D58-84AF-C60D8DF8ECD1}.Debug|Any CPU.Build.0 = Debug|Any CPU
		{647FC812-853D-4D58-84AF-C60D8DF8ECD1}.Release|Any CPU.ActiveCfg = Release|Any CPU
		{647FC812-853D-4D58-84AF-C60D8DF8ECD1}.Release|Any CPU.Build.0 = Release|Any CPU
		{E0E91F49-8EA3-47DB-8B00-EFF85EC174D6}.Debug|Any CPU.ActiveCfg = Debug|Any CPU
		{E0E91F49-8EA3-47DB-8B00-EFF85EC174D6}.Debug|Any CPU.Build.0 = Debug|Any CPU
		{E0E91F49-8EA3-47DB-8B00-EFF85EC174D6}.Release|Any CPU.ActiveCfg = Release|Any CPU
		{E0E91F49-8EA3-47DB-8B00-EFF85EC174D6}.Release|Any CPU.Build.0 = Release|Any CPU
		{6A6BF3E0-E687-4A9D-87E2-91007D34FD7B}.Debug|Any CPU.ActiveCfg = Debug|Any CPU
		{6A6BF3E0-E687-4A9D-87E2-91007D34FD7B}.Debug|Any CPU.Build.0 = Debug|Any CPU
		{6A6BF3E0-E687-4A9D-87E2-91007D34FD7B}.Release|Any CPU.ActiveCfg = Release|Any CPU
		{6A6BF3E0-E687-4A9D-87E2-91007D34FD7B}.Release|Any CPU.Build.0 = Release|Any CPU
		{51B534AD-FC0A-458A-9112-B7FA2814A696}.Debug|Any CPU.ActiveCfg = Debug|Any CPU
		{51B534AD-FC0A-458A-9112-B7FA2814A696}.Debug|Any CPU.Build.0 = Debug|Any CPU
		{51B534AD-FC0A-458A-9112-B7FA2814A696}.Release|Any CPU.ActiveCfg = Release|Any CPU
		{51B534AD-FC0A-458A-9112-B7FA2814A696}.Release|Any CPU.Build.0 = Release|Any CPU
		{3D93BFE7-FE73-4CDE-B87F-0AC124B974D2}.Debug|Any CPU.ActiveCfg = Debug|Any CPU
		{3D93BFE7-FE73-4CDE-B87F-0AC124B974D2}.Debug|Any CPU.Build.0 = Debug|Any CPU
		{3D93BFE7-FE73-4CDE-B87F-0AC124B974D2}.Release|Any CPU.ActiveCfg = Release|Any CPU
		{3D93BFE7-FE73-4CDE-B87F-0AC124B974D2}.Release|Any CPU.Build.0 = Release|Any CPU
		{3912B0AC-4CC3-492C-ADF3-A578216AE44A}.Debug|Any CPU.ActiveCfg = Debug|Any CPU
		{3912B0AC-4CC3-492C-ADF3-A578216AE44A}.Debug|Any CPU.Build.0 = Debug|Any CPU
		{3912B0AC-4CC3-492C-ADF3-A578216AE44A}.Release|Any CPU.ActiveCfg = Release|Any CPU
		{3912B0AC-4CC3-492C-ADF3-A578216AE44A}.Release|Any CPU.Build.0 = Release|Any CPU
		{1B5D4885-33BC-4C92-B832-C2ED1D21DF5A}.Debug|Any CPU.ActiveCfg = Debug|Any CPU
		{1B5D4885-33BC-4C92-B832-C2ED1D21DF5A}.Debug|Any CPU.Build.0 = Debug|Any CPU
		{1B5D4885-33BC-4C92-B832-C2ED1D21DF5A}.Release|Any CPU.ActiveCfg = Release|Any CPU
		{1B5D4885-33BC-4C92-B832-C2ED1D21DF5A}.Release|Any CPU.Build.0 = Release|Any CPU
		{2B1A885E-3F35-49FF-BD78-8B2B147D7CAA}.Debug|Any CPU.ActiveCfg = Debug|Any CPU
		{2B1A885E-3F35-49FF-BD78-8B2B147D7CAA}.Debug|Any CPU.Build.0 = Debug|Any CPU
		{2B1A885E-3F35-49FF-BD78-8B2B147D7CAA}.Release|Any CPU.ActiveCfg = Release|Any CPU
		{2B1A885E-3F35-49FF-BD78-8B2B147D7CAA}.Release|Any CPU.Build.0 = Release|Any CPU
		{748B398E-B3BA-4E98-949C-DB234C5FC763}.Debug|Any CPU.ActiveCfg = Debug|Any CPU
		{748B398E-B3BA-4E98-949C-DB234C5FC763}.Debug|Any CPU.Build.0 = Debug|Any CPU
		{748B398E-B3BA-4E98-949C-DB234C5FC763}.Release|Any CPU.ActiveCfg = Release|Any CPU
		{748B398E-B3BA-4E98-949C-DB234C5FC763}.Release|Any CPU.Build.0 = Release|Any CPU
	EndGlobalSection
	GlobalSection(SolutionProperties) = preSolution
		HideSolutionNode = FALSE
	EndGlobalSection
	GlobalSection(NestedProjects) = preSolution
		{884F3720-2947-4A8A-921C-696165DD8818} = {8B7844CE-B577-45D8-A611-778414B8ABA9}
		{647FC812-853D-4D58-84AF-C60D8DF8ECD1} = {02F7D9A8-20F0-49AD-AB9A-3C36D344ADED}
		{E0E91F49-8EA3-47DB-8B00-EFF85EC174D6} = {D650337A-0ACE-45E7-AFB4-7461002D545A}
		{02F7D9A8-20F0-49AD-AB9A-3C36D344ADED} = {F07187F9-FD98-4154-872B-E0B9942B3A9A}
		{8B7844CE-B577-45D8-A611-778414B8ABA9} = {F07187F9-FD98-4154-872B-E0B9942B3A9A}
		{ACA5DFE1-CD36-44E0-B3D3-165182E3E271} = {F07187F9-FD98-4154-872B-E0B9942B3A9A}
		{D650337A-0ACE-45E7-AFB4-7461002D545A} = {F07187F9-FD98-4154-872B-E0B9942B3A9A}
		{808F9290-D01C-4B16-AEE7-C85E99B44397} = {ACA5DFE1-CD36-44E0-B3D3-165182E3E271}
		{C0C83CD2-43E2-40C7-B687-166AD3E7708D} = {ACA5DFE1-CD36-44E0-B3D3-165182E3E271}
		{6A6BF3E0-E687-4A9D-87E2-91007D34FD7B} = {808F9290-D01C-4B16-AEE7-C85E99B44397}
		{51B534AD-FC0A-458A-9112-B7FA2814A696} = {C0C83CD2-43E2-40C7-B687-166AD3E7708D}
		{17BE297B-755D-4BE3-B782-62D246DEDDD1} = {F07187F9-FD98-4154-872B-E0B9942B3A9A}
		{3D93BFE7-FE73-4CDE-B87F-0AC124B974D2} = {F8590370-241A-422D-87D2-49F9A36A6724}
		{7D83ECA8-D309-49C5-B6E7-495B13198000} = {F07187F9-FD98-4154-872B-E0B9942B3A9A}
		{3912B0AC-4CC3-492C-ADF3-A578216AE44A} = {7D83ECA8-D309-49C5-B6E7-495B13198000}
		{F8590370-241A-422D-87D2-49F9A36A6724} = {17BE297B-755D-4BE3-B782-62D246DEDDD1}
		{5078DC50-C304-4B92-AEFC-96EE9161ED7F} = {17BE297B-755D-4BE3-B782-62D246DEDDD1}
		{1B5D4885-33BC-4C92-B832-C2ED1D21DF5A} = {5078DC50-C304-4B92-AEFC-96EE9161ED7F}
		{E8F9D30C-D5FE-4001-9B71-23CF04CB0134} = {F07187F9-FD98-4154-872B-E0B9942B3A9A}
		{2B1A885E-3F35-49FF-BD78-8B2B147D7CAA} = {E8F9D30C-D5FE-4001-9B71-23CF04CB0134}
		{748B398E-B3BA-4E98-949C-DB234C5FC763} = {5921B086-4DFD-44B6-A68A-38629E178964}
	EndGlobalSection
	GlobalSection(ExtensibilityGlobals) = postSolution
		SolutionGuid = {7DA5CD15-19C9-45E8-9C5F-9889E1698AAD}
	EndGlobalSection
EndGlobal
